{
  "name": "csv",
  "version": "1.0.0",
  "lockfileVersion": 1,
  "requires": true,
  "dependencies": {
    "csv-parse": {
      "version": "3.2.0",
      "resolved": "https://registry.npmjs.org/csv-parse/-/csv-parse-3.2.0.tgz",
      "integrity": "sha512-1IBQ7PYHc5h6AXS4nyGsmicttbpUbNvlsgKxhvouh+kRaVug8xBWSiIeWdbPUQgjKG88hEGYjdU29fX73mo+6Q=="
    }
  }
}
